<?xml version="1.0" encoding="utf-8"?>
<Project ToolsVersion="17.0" xmlns="http://schemas.microsoft.com/developer/msbuild/2003">
  <ItemGroup>
    <ClCompile Include="C:\Users\PC\OneDrive\Документы\DENIS\SFML-2.6.x\SFML-2.6.x\src\SFML\Main\MainWin32.cpp">
      <Filter>Source Files</Filter>
    </ClCompile>
  </ItemGroup>
  <ItemGroup>
    <CustomBuild Include="C:\Users\PC\OneDrive\Документы\DENIS\SFML-2.6.x\SFML-2.6.x\src\SFML\Main\CMakeLists.txt" />
  </ItemGroup>
  <ItemGroup>
    <Filter Include="Source Files">
      <UniqueIdentifier>{6CF93942-FF0C-32DD-A465-48E8F1C4C45B}</UniqueIdentifier>
    </Filter>
  </ItemGroup>
</Project>
