<?xml version="1.0" encoding="utf-8"?>
<Project ToolsVersion="17.0" xmlns="http://schemas.microsoft.com/developer/msbuild/2003">
  <ItemGroup>
    <CustomBuild Include="C:\Users\PC\OneDrive\Документы\DENIS\SFML-cmake\CMakeFiles\8b30f0ba97a3b6dd47585109162bbaf3\INSTALL_force.rule">
      <Filter>CMake Rules</Filter>
    </CustomBuild>
  </ItemGroup>
  <ItemGroup>
    <Filter Include="CMake Rules">
      <UniqueIdentifier>{21369B1C-5C9C-3584-B96B-46706E292CA2}</UniqueIdentifier>
    </Filter>
  </ItemGroup>
</Project>
