
Microsoft Visual Studio Solution File, Format Version 12.00
# Visual Studio Version 17
Project("{2150E333-8FDC-42A3-9474-1A3956D46DE8}") = "CMake", "CMake", "{ACEE29FD-98AE-35C0-BEB1-ECA07828368B}"
EndProject
Project("{2150E333-8FDC-42A3-9474-1A3956D46DE8}") = "SFML", "SFML", "{40AE7E2C-2D3D-3224-A303-A8BB4A4F7D4F}"
EndProject
Project("{8BC9CEB8-8B4A-11D0-8D11-00A0C91BC942}") = "ALL_BUILD", "ALL_BUILD.vcxproj", "{293C984F-7359-33E8-BCAB-41F161C0AD29}"
	ProjectSection(ProjectDependencies) = postProject
		{609FAF24-2030-30A6-A904-82316B271666} = {609FAF24-2030-30A6-A904-82316B271666}
		{9BF70450-2971-31F8-83A8-0866E252AC71} = {9BF70450-2971-31F8-83A8-0866E252AC71}
		{C174702C-CAC0-3E78-A5F0-6EF54F8B5203} = {C174702C-CAC0-3E78-A5F0-6EF54F8B5203}
		{1F59A174-7CFB-3F5B-914B-110F54E134EC} = {1F59A174-7CFB-3F5B-914B-110F54E134EC}
		{7F588C4E-1F2B-3397-82A0-C8BE7698FBCC} = {7F588C4E-1F2B-3397-82A0-C8BE7698FBCC}
		{DA0101E2-B3A8-3066-B3F9-D482FA5CEAE6} = {DA0101E2-B3A8-3066-B3F9-D482FA5CEAE6}
		{8CA726E8-9E37-3080-9D17-6052FA0E50AE} = {8CA726E8-9E37-3080-9D17-6052FA0E50AE}
	EndProjectSection
EndProject
Project("{8BC9CEB8-8B4A-11D0-8D11-00A0C91BC942}") = "INSTALL", "INSTALL.vcxproj", "{B99E31E8-B648-38A1-89DA-7F31075948D0}"
	ProjectSection(ProjectDependencies) = postProject
		{293C984F-7359-33E8-BCAB-41F161C0AD29} = {293C984F-7359-33E8-BCAB-41F161C0AD29}
		{609FAF24-2030-30A6-A904-82316B271666} = {609FAF24-2030-30A6-A904-82316B271666}
	EndProjectSection
EndProject
Project("{8BC9CEB8-8B4A-11D0-8D11-00A0C91BC942}") = "PACKAGE", "PACKAGE.vcxproj", "{46EE9CC8-0958-33BB-BE17-31385A9CD39C}"
	ProjectSection(ProjectDependencies) = postProject
		{293C984F-7359-33E8-BCAB-41F161C0AD29} = {293C984F-7359-33E8-BCAB-41F161C0AD29}
		{609FAF24-2030-30A6-A904-82316B271666} = {609FAF24-2030-30A6-A904-82316B271666}
	EndProjectSection
EndProject
Project("{8BC9CEB8-8B4A-11D0-8D11-00A0C91BC942}") = "ZERO_CHECK", "ZERO_CHECK.vcxproj", "{609FAF24-2030-30A6-A904-82316B271666}"
	ProjectSection(ProjectDependencies) = postProject
	EndProjectSection
EndProject
Project("{8BC9CEB8-8B4A-11D0-8D11-00A0C91BC942}") = "sfml-audio", "src\SFML\Audio\sfml-audio.vcxproj", "{9BF70450-2971-31F8-83A8-0866E252AC71}"
	ProjectSection(ProjectDependencies) = postProject
		{609FAF24-2030-30A6-A904-82316B271666} = {609FAF24-2030-30A6-A904-82316B271666}
		{DA0101E2-B3A8-3066-B3F9-D482FA5CEAE6} = {DA0101E2-B3A8-3066-B3F9-D482FA5CEAE6}
	EndProjectSection
EndProject
Project("{8BC9CEB8-8B4A-11D0-8D11-00A0C91BC942}") = "sfml-graphics", "src\SFML\Graphics\sfml-graphics.vcxproj", "{C174702C-CAC0-3E78-A5F0-6EF54F8B5203}"
	ProjectSection(ProjectDependencies) = postProject
		{609FAF24-2030-30A6-A904-82316B271666} = {609FAF24-2030-30A6-A904-82316B271666}
		{DA0101E2-B3A8-3066-B3F9-D482FA5CEAE6} = {DA0101E2-B3A8-3066-B3F9-D482FA5CEAE6}
		{8CA726E8-9E37-3080-9D17-6052FA0E50AE} = {8CA726E8-9E37-3080-9D17-6052FA0E50AE}
	EndProjectSection
EndProject
Project("{8BC9CEB8-8B4A-11D0-8D11-00A0C91BC942}") = "sfml-main", "src\SFML\Main\sfml-main.vcxproj", "{1F59A174-7CFB-3F5B-914B-110F54E134EC}"
	ProjectSection(ProjectDependencies) = postProject
		{609FAF24-2030-30A6-A904-82316B271666} = {609FAF24-2030-30A6-A904-82316B271666}
	EndProjectSection
EndProject
Project("{8BC9CEB8-8B4A-11D0-8D11-00A0C91BC942}") = "sfml-network", "src\SFML\Network\sfml-network.vcxproj", "{7F588C4E-1F2B-3397-82A0-C8BE7698FBCC}"
	ProjectSection(ProjectDependencies) = postProject
		{609FAF24-2030-30A6-A904-82316B271666} = {609FAF24-2030-30A6-A904-82316B271666}
		{DA0101E2-B3A8-3066-B3F9-D482FA5CEAE6} = {DA0101E2-B3A8-3066-B3F9-D482FA5CEAE6}
	EndProjectSection
EndProject
Project("{8BC9CEB8-8B4A-11D0-8D11-00A0C91BC942}") = "sfml-system", "src\SFML\System\sfml-system.vcxproj", "{DA0101E2-B3A8-3066-B3F9-D482FA5CEAE6}"
	ProjectSection(ProjectDependencies) = postProject
		{609FAF24-2030-30A6-A904-82316B271666} = {609FAF24-2030-30A6-A904-82316B271666}
	EndProjectSection
EndProject
Project("{8BC9CEB8-8B4A-11D0-8D11-00A0C91BC942}") = "sfml-window", "src\SFML\Window\sfml-window.vcxproj", "{8CA726E8-9E37-3080-9D17-6052FA0E50AE}"
	ProjectSection(ProjectDependencies) = postProject
		{609FAF24-2030-30A6-A904-82316B271666} = {609FAF24-2030-30A6-A904-82316B271666}
		{DA0101E2-B3A8-3066-B3F9-D482FA5CEAE6} = {DA0101E2-B3A8-3066-B3F9-D482FA5CEAE6}
	EndProjectSection
EndProject
Global
	GlobalSection(SolutionConfigurationPlatforms) = preSolution
		Debug|x64 = Debug|x64
		Release|x64 = Release|x64
		MinSizeRel|x64 = MinSizeRel|x64
		RelWithDebInfo|x64 = RelWithDebInfo|x64
	EndGlobalSection
	GlobalSection(ProjectConfigurationPlatforms) = postSolution
		{293C984F-7359-33E8-BCAB-41F161C0AD29}.Debug|x64.ActiveCfg = Debug|x64
		{293C984F-7359-33E8-BCAB-41F161C0AD29}.Debug|x64.Build.0 = Debug|x64
		{293C984F-7359-33E8-BCAB-41F161C0AD29}.Release|x64.ActiveCfg = Release|x64
		{293C984F-7359-33E8-BCAB-41F161C0AD29}.Release|x64.Build.0 = Release|x64
		{293C984F-7359-33E8-BCAB-41F161C0AD29}.MinSizeRel|x64.ActiveCfg = MinSizeRel|x64
		{293C984F-7359-33E8-BCAB-41F161C0AD29}.MinSizeRel|x64.Build.0 = MinSizeRel|x64
		{293C984F-7359-33E8-BCAB-41F161C0AD29}.RelWithDebInfo|x64.ActiveCfg = RelWithDebInfo|x64
		{293C984F-7359-33E8-BCAB-41F161C0AD29}.RelWithDebInfo|x64.Build.0 = RelWithDebInfo|x64
		{B99E31E8-B648-38A1-89DA-7F31075948D0}.Debug|x64.ActiveCfg = Debug|x64
		{B99E31E8-B648-38A1-89DA-7F31075948D0}.Release|x64.ActiveCfg = Release|x64
		{B99E31E8-B648-38A1-89DA-7F31075948D0}.MinSizeRel|x64.ActiveCfg = MinSizeRel|x64
		{B99E31E8-B648-38A1-89DA-7F31075948D0}.RelWithDebInfo|x64.ActiveCfg = RelWithDebInfo|x64
		{46EE9CC8-0958-33BB-BE17-31385A9CD39C}.Debug|x64.ActiveCfg = Debug|x64
		{46EE9CC8-0958-33BB-BE17-31385A9CD39C}.Release|x64.ActiveCfg = Release|x64
		{46EE9CC8-0958-33BB-BE17-31385A9CD39C}.MinSizeRel|x64.ActiveCfg = MinSizeRel|x64
		{46EE9CC8-0958-33BB-BE17-31385A9CD39C}.RelWithDebInfo|x64.ActiveCfg = RelWithDebInfo|x64
		{609FAF24-2030-30A6-A904-82316B271666}.Debug|x64.ActiveCfg = Debug|x64
		{609FAF24-2030-30A6-A904-82316B271666}.Debug|x64.Build.0 = Debug|x64
		{609FAF24-2030-30A6-A904-82316B271666}.Release|x64.ActiveCfg = Release|x64
		{609FAF24-2030-30A6-A904-82316B271666}.Release|x64.Build.0 = Release|x64
		{609FAF24-2030-30A6-A904-82316B271666}.MinSizeRel|x64.ActiveCfg = MinSizeRel|x64
		{609FAF24-2030-30A6-A904-82316B271666}.MinSizeRel|x64.Build.0 = MinSizeRel|x64
		{609FAF24-2030-30A6-A904-82316B271666}.RelWithDebInfo|x64.ActiveCfg = RelWithDebInfo|x64
		{609FAF24-2030-30A6-A904-82316B271666}.RelWithDebInfo|x64.Build.0 = RelWithDebInfo|x64
		{9BF70450-2971-31F8-83A8-0866E252AC71}.Debug|x64.ActiveCfg = Debug|x64
		{9BF70450-2971-31F8-83A8-0866E252AC71}.Debug|x64.Build.0 = Debug|x64
		{9BF70450-2971-31F8-83A8-0866E252AC71}.Release|x64.ActiveCfg = Release|x64
		{9BF70450-2971-31F8-83A8-0866E252AC71}.Release|x64.Build.0 = Release|x64
		{9BF70450-2971-31F8-83A8-0866E252AC71}.MinSizeRel|x64.ActiveCfg = MinSizeRel|x64
		{9BF70450-2971-31F8-83A8-0866E252AC71}.MinSizeRel|x64.Build.0 = MinSizeRel|x64
		{9BF70450-2971-31F8-83A8-0866E252AC71}.RelWithDebInfo|x64.ActiveCfg = RelWithDebInfo|x64
		{9BF70450-2971-31F8-83A8-0866E252AC71}.RelWithDebInfo|x64.Build.0 = RelWithDebInfo|x64
		{C174702C-CAC0-3E78-A5F0-6EF54F8B5203}.Debug|x64.ActiveCfg = Debug|x64
		{C174702C-CAC0-3E78-A5F0-6EF54F8B5203}.Debug|x64.Build.0 = Debug|x64
		{C174702C-CAC0-3E78-A5F0-6EF54F8B5203}.Release|x64.ActiveCfg = Release|x64
		{C174702C-CAC0-3E78-A5F0-6EF54F8B5203}.Release|x64.Build.0 = Release|x64
		{C174702C-CAC0-3E78-A5F0-6EF54F8B5203}.MinSizeRel|x64.ActiveCfg = MinSizeRel|x64
		{C174702C-CAC0-3E78-A5F0-6EF54F8B5203}.MinSizeRel|x64.Build.0 = MinSizeRel|x64
		{C174702C-CAC0-3E78-A5F0-6EF54F8B5203}.RelWithDebInfo|x64.ActiveCfg = RelWithDebInfo|x64
		{C174702C-CAC0-3E78-A5F0-6EF54F8B5203}.RelWithDebInfo|x64.Build.0 = RelWithDebInfo|x64
		{1F59A174-7CFB-3F5B-914B-110F54E134EC}.Debug|x64.ActiveCfg = Debug|x64
		{1F59A174-7CFB-3F5B-914B-110F54E134EC}.Debug|x64.Build.0 = Debug|x64
		{1F59A174-7CFB-3F5B-914B-110F54E134EC}.Release|x64.ActiveCfg = Release|x64
		{1F59A174-7CFB-3F5B-914B-110F54E134EC}.Release|x64.Build.0 = Release|x64
		{1F59A174-7CFB-3F5B-914B-110F54E134EC}.MinSizeRel|x64.ActiveCfg = MinSizeRel|x64
		{1F59A174-7CFB-3F5B-914B-110F54E134EC}.MinSizeRel|x64.Build.0 = MinSizeRel|x64
		{1F59A174-7CFB-3F5B-914B-110F54E134EC}.RelWithDebInfo|x64.ActiveCfg = RelWithDebInfo|x64
		{1F59A174-7CFB-3F5B-914B-110F54E134EC}.RelWithDebInfo|x64.Build.0 = RelWithDebInfo|x64
		{7F588C4E-1F2B-3397-82A0-C8BE7698FBCC}.Debug|x64.ActiveCfg = Debug|x64
		{7F588C4E-1F2B-3397-82A0-C8BE7698FBCC}.Debug|x64.Build.0 = Debug|x64
		{7F588C4E-1F2B-3397-82A0-C8BE7698FBCC}.Release|x64.ActiveCfg = Release|x64
		{7F588C4E-1F2B-3397-82A0-C8BE7698FBCC}.Release|x64.Build.0 = Release|x64
		{7F588C4E-1F2B-3397-82A0-C8BE7698FBCC}.MinSizeRel|x64.ActiveCfg = MinSizeRel|x64
		{7F588C4E-1F2B-3397-82A0-C8BE7698FBCC}.MinSizeRel|x64.Build.0 = MinSizeRel|x64
		{7F588C4E-1F2B-3397-82A0-C8BE7698FBCC}.RelWithDebInfo|x64.ActiveCfg = RelWithDebInfo|x64
		{7F588C4E-1F2B-3397-82A0-C8BE7698FBCC}.RelWithDebInfo|x64.Build.0 = RelWithDebInfo|x64
		{DA0101E2-B3A8-3066-B3F9-D482FA5CEAE6}.Debug|x64.ActiveCfg = Debug|x64
		{DA0101E2-B3A8-3066-B3F9-D482FA5CEAE6}.Debug|x64.Build.0 = Debug|x64
		{DA0101E2-B3A8-3066-B3F9-D482FA5CEAE6}.Release|x64.ActiveCfg = Release|x64
		{DA0101E2-B3A8-3066-B3F9-D482FA5CEAE6}.Release|x64.Build.0 = Release|x64
		{DA0101E2-B3A8-3066-B3F9-D482FA5CEAE6}.MinSizeRel|x64.ActiveCfg = MinSizeRel|x64
		{DA0101E2-B3A8-3066-B3F9-D482FA5CEAE6}.MinSizeRel|x64.Build.0 = MinSizeRel|x64
		{DA0101E2-B3A8-3066-B3F9-D482FA5CEAE6}.RelWithDebInfo|x64.ActiveCfg = RelWithDebInfo|x64
		{DA0101E2-B3A8-3066-B3F9-D482FA5CEAE6}.RelWithDebInfo|x64.Build.0 = RelWithDebInfo|x64
		{8CA726E8-9E37-3080-9D17-6052FA0E50AE}.Debug|x64.ActiveCfg = Debug|x64
		{8CA726E8-9E37-3080-9D17-6052FA0E50AE}.Debug|x64.Build.0 = Debug|x64
		{8CA726E8-9E37-3080-9D17-6052FA0E50AE}.Release|x64.ActiveCfg = Release|x64
		{8CA726E8-9E37-3080-9D17-6052FA0E50AE}.Release|x64.Build.0 = Release|x64
		{8CA726E8-9E37-3080-9D17-6052FA0E50AE}.MinSizeRel|x64.ActiveCfg = MinSizeRel|x64
		{8CA726E8-9E37-3080-9D17-6052FA0E50AE}.MinSizeRel|x64.Build.0 = MinSizeRel|x64
		{8CA726E8-9E37-3080-9D17-6052FA0E50AE}.RelWithDebInfo|x64.ActiveCfg = RelWithDebInfo|x64
		{8CA726E8-9E37-3080-9D17-6052FA0E50AE}.RelWithDebInfo|x64.Build.0 = RelWithDebInfo|x64
	EndGlobalSection
	GlobalSection(NestedProjects) = preSolution
		{293C984F-7359-33E8-BCAB-41F161C0AD29} = {ACEE29FD-98AE-35C0-BEB1-ECA07828368B}
		{B99E31E8-B648-38A1-89DA-7F31075948D0} = {ACEE29FD-98AE-35C0-BEB1-ECA07828368B}
		{46EE9CC8-0958-33BB-BE17-31385A9CD39C} = {ACEE29FD-98AE-35C0-BEB1-ECA07828368B}
		{609FAF24-2030-30A6-A904-82316B271666} = {ACEE29FD-98AE-35C0-BEB1-ECA07828368B}
		{9BF70450-2971-31F8-83A8-0866E252AC71} = {40AE7E2C-2D3D-3224-A303-A8BB4A4F7D4F}
		{C174702C-CAC0-3E78-A5F0-6EF54F8B5203} = {40AE7E2C-2D3D-3224-A303-A8BB4A4F7D4F}
		{1F59A174-7CFB-3F5B-914B-110F54E134EC} = {40AE7E2C-2D3D-3224-A303-A8BB4A4F7D4F}
		{7F588C4E-1F2B-3397-82A0-C8BE7698FBCC} = {40AE7E2C-2D3D-3224-A303-A8BB4A4F7D4F}
		{DA0101E2-B3A8-3066-B3F9-D482FA5CEAE6} = {40AE7E2C-2D3D-3224-A303-A8BB4A4F7D4F}
		{8CA726E8-9E37-3080-9D17-6052FA0E50AE} = {40AE7E2C-2D3D-3224-A303-A8BB4A4F7D4F}
	EndGlobalSection
	GlobalSection(ExtensibilityGlobals) = postSolution
		SolutionGuid = {6C413E06-D009-3325-BC4D-8343C39B3AB7}
	EndGlobalSection
	GlobalSection(ExtensibilityAddIns) = postSolution
	EndGlobalSection
EndGlobal
